// !$*UTF8*$!
{
	archiveVersion = 1;
	classes = {
	};
	objectVersion = 77;
	objects = {

/* Begin PBXBuildFile section */
		DFAB2C042FEFBA1F006E4AC0 /* OfflineSyncKit in Frameworks */ = {isa = PBXBuildFile; productRef = DFAB2C032FEFBA1F006E4AC0 /* OfflineSyncKit */; };
/* End PBXBuildFile section */

/* Begin PBXContainerItemProxy section */
		DFAB2BE02FEEB3E6006E4AC0 /* PBXContainerItemProxy */ = {
			isa = PBXContainerItemProxy;
			containerPortal = DFAB2BC82FEEB3E3006E4AC0 /* Project object */;
			proxyType = 1;
			remoteGlobalIDString = DFAB2BCF2FEEB3E3006E4AC0;
			remoteInfo = OfflineSyncKitDemo;
		};
		DFAB2BEA2FEEB3E6006E4AC0 /* PBXContainerItemProxy */ = {
			isa = PBXContainerItemProxy;
			containerPortal = DFAB2BC82FEEB3E3006E4AC0 /* Project object */;
			proxyType = 1;
			remoteGlobalIDString = DFAB2BCF2FEEB3E3006E4AC0;
			remoteInfo = OfflineSyncKitDemo;
		};
/* End PBXContainerItemProxy section */

/* Begin PBXFileReference section */
		DFAB2BD02FEEB3E3006E4AC0 /* OfflineSyncKitDemo.app */ = {isa = PBXFileReference; explicitFileType = wrapper.application; includeInIndex = 0; path = OfflineSyncKitDemo.app; sourceTree = BUILT_PRODUCTS_DIR; };
		DFAB2BDF2FEEB3E6006E4AC0 /* OfflineSyncKitDemoTests.xctest */ = {isa = PBXFileReference; explicitFileType = wrapper.cfbundle; includeInIndex = 0; path = OfflineSyncKitDemoTests.xctest; sourceTree = BUILT_PRODUCTS_DIR; };
		DFAB2BE92FEEB3E6006E4AC0 /* OfflineSyncKitDemoUITests.xctest */ = {isa = PBXFileReference; explicitFileType = wrapper.cfbundle; includeInIndex = 0; path = OfflineSyncKitDemoUITests.xctest; sourceTree = BUILT_PRODUCTS_DIR; };
/* End PBXFileReference section */

/* Begin PBXFileSystemSynchronizedRootGroup section */
		DFAB2BD22FEEB3E3006E4AC0 /* OfflineSyncKitDemo */ = {
			isa = PBXFileSystemSynchronizedRootGroup;
			path = OfflineSyncKitDemo;
			sourceTree = "<group>";
		};
		DFAB2BE22FEEB3E6006E4AC0 /* OfflineSyncKitDemoTests */ = {
			isa = PBXFileSystemSynchronizedRootGroup;
			path = OfflineSyncKitDemoTests;
			sourceTree = "<group>";
		};
		DFAB2BEC2FEEB3E6006E4AC0 /* OfflineSyncKitDemoUITests */ = {
			isa = PBXFileSystemSynchronizedRootGroup;
			path = OfflineSyncKitDemoUITests;
			sourceTree = "<group>";
		};
/* End PBXFileSystemSynchronizedRootGroup section */

/* Begin PBXFrameworksBuildPhase section */
		DFAB2BCD2FEEB3E3006E4AC0 /* Frameworks */ = {
			isa = PBXFrameworksBuildPhase;
			buildActionMask = 2147483647;
			files = (
				DFAB2C042FEFBA1F006E4AC0 /* OfflineSyncKit in Frameworks */,
			);
			runOnlyForDeploymentPostprocessing = 0;
		};
		DFAB2BDC2FEEB3E6006E4AC0 /* Frameworks */ = {
			isa = PBXFrameworksBuildPhase;
			buildActionMask = 2147483647;
			files = (
			);
			runOnlyForDeploymentPostprocessing = 0;
		};
		DFAB2BE62FEEB3E6006E4AC0 /* Frameworks */ = {
			isa = PBXFrameworksBuildPhase;
			buildActionMask = 2147483647;
			files = (
			);
			runOnlyForDeploymentPostprocessing = 0;
		};
/* End PBXFrameworksBuildPhase section */

/* Begin PBXGroup section */
		DFAB2BC72FEEB3E3006E4AC0 = {
			isa = PBXGroup;
			children = (
				DFAB2BD22FEEB3E3006E4AC0 /* OfflineSyncKitDemo */,
				DFAB2BE22FEEB3E6006E4AC0 /* OfflineSyncKitDemoTests */,
				DFAB2BEC2FEEB3E6006E4AC0 /* OfflineSyncKitDemoUITests */,
				DFAB2BD12FEEB3E3006E4AC0 /* Products */,
			);
			sourceTree = "<group>";
		};
		DFAB2BD12FEEB3E3006E4AC0 /* Products */ = {
			isa = PBXGroup;
			children = (
				DFAB2BD02FEEB3E3006E4AC0 /* OfflineSyncKitDemo.app */,
				DFAB2BDF2FEEB3E6006E4AC0 /* OfflineSyncKitDemoTests.xctest */,
				DFAB2BE92FEEB3E6006E4AC0 /* OfflineSyncKitDemoUITests.xctest */,
			);
			name = Products;
			sourceTree = "<group>";
		};
/* End PBXGroup section */

/* Begin PBXNativeTarget section */
		DFAB2BCF2FEEB3E3006E4AC0 /* OfflineSyncKitDemo */ = {
			isa = PBXNativeTarget;
			buildConfigurationList = DFAB2BF32FEEB3E6006E4AC0 /* Build configuration list for PBXNativeTarget "OfflineSyncKitDemo" */;
			buildPhases = (
				DFAB2BCC2FEEB3E3006E4AC0 /* Sources */,
				DFAB2BCD2FEEB3E3006E4AC0 /* Frameworks */,
				DFAB2BCE2FEEB3E3006E4AC0 /* Resources */,
			);
			buildRules = (
			);
			dependencies = (
			);
			fileSystemSynchronizedGroups = (
				DFAB2BD22FEEB3E3006E4AC0 /* OfflineSyncKitDemo */,
			);
			name = OfflineSyncKitDemo;
			packageProductDependencies = (
				DFAB2C032FEFBA1F006E4AC0 /* OfflineSyncKit */,
			);
			productName = OfflineSyncKitDemo;
			productReference = DFAB2BD02FEEB3E3006E4AC0 /* OfflineSyncKitDemo.app */;
			productType = "com.apple.product-type.application";
		};
		DFAB2BDE2FEEB3E6006E4AC0 /* OfflineSyncKitDemoTests */ = {
			isa = PBXNativeTarget;
			buildConfigurationList = DFAB2BF62FEEB3E6006E4AC0 /* Build configuration list for PBXNativeTarget "OfflineSyncKitDemoTests" */;
			buildPhases = (
				DFAB2BDB2FEEB3E6006E4AC0 /* Sources */,
				DFAB2BDC2FEEB3E6006E4AC0 /* Frameworks */,
				DFAB2BDD2FEEB3E6006E4AC0 /* Resources */,
			);
			buildRules = (
			);
			dependencies = (
				DFAB2BE12FEEB3E6006E4AC0 /* PBXTargetDependency */,
			);
			fileSystemSynchronizedGroups = (
				DFAB2BE22FEEB3E6006E4AC0 /* OfflineSyncKitDemoTests */,
			);
			name = OfflineSyncKitDemoTests;
			packageProductDependencies = (
			);
			productName = OfflineSyncKitDemoTests;
			productReference = DFAB2BDF2FEEB3E6006E4AC0 /* OfflineSyncKitDemoTests.xctest */;
			productType = "com.apple.product-type.bundle.unit-test";
		};
		DFAB2BE82FEEB3E6006E4AC0 /* OfflineSyncKitDemoUITests */ = {
			isa = PBXNativeTarget;
			buildConfigurationList = DFAB2BF92FEEB3E6006E4AC0 /* Build configuration list for PBXNativeTarget "OfflineSyncKitDemoUITests" */;
			buildPhases = (
				DFAB2BE52FEEB3E6006E4AC0 /* Sources */,
				DFAB2BE62FEEB3E6006E4AC0 /* Frameworks */,
				DFAB2BE72FEEB3E6006E4AC0 /* Resources */,
			);
			buildRules = (
			);
			dependencies = (
				DFAB2BEB2FEEB3E6006E4AC0 /* PBXTargetDependency */,
			);
			fileSystemSynchronizedGroups = (
				DFAB2BEC2FEEB3E6006E4AC0 /* OfflineSyncKitDemoUITests */,
			);
			name = OfflineSyncKitDemoUITests;
			packageProductDependencies = (
			);
			productName = OfflineSyncKitDemoUITests;
			productReference = DFAB2BE92FEEB3E6006E4AC0 /* OfflineSyncKitDemoUITests.xctest */;
			productType = "com.apple.product-type.bundle.ui-testing";
		};
/* End PBXNativeTarget section */

/* Begin PBXProject section */
		DFAB2BC82FEEB3E3006E4AC0 /* Project object */ = {
			isa = PBXProject;
			attributes = {
				BuildIndependentTargetsInParallel = 1;
				LastSwiftUpdateCheck = 2640;
				LastUpgradeCheck = 2640;
				TargetAttributes = {
					DFAB2BCF2FEEB3E3006E4AC0 = {
						CreatedOnToolsVersion = 26.4;
					};
					DFAB2BDE2FEEB3E6006E4AC0 = {
						CreatedOnToolsVersion = 26.4;
						TestTargetID = DFAB2BCF2FEEB3E3006E4AC0;
					};
					DFAB2BE82FEEB3E6006E4AC0 = {
						CreatedOnToolsVersion = 26.4;
						TestTargetID = DFAB2BCF2FEEB3E3006E4AC0;
					};
				};
			};
			buildConfigurationList = DFAB2BCB2FEEB3E3006E4AC0 /* Build configuration list for PBXProject "OfflineSyncKitDemo" */;
			developmentRegion = en;
			hasScannedForEncodings = 0;
			knownRegions = (
				en,
				Base,
			);
			mainGroup = DFAB2BC72FEEB3E3006E4AC0;
			minimizedProjectReferenceProxies = 1;
			packageReferences = (
				DFAB2C022FEFBA1F006E4AC0 /* XCLocalSwiftPackageReference "../OfflineSyncKit" */,
			);
			preferredProjectObjectVersion = 77;
			productRefGroup = DFAB2BD12FEEB3E3006E4AC0 /* Products */;
			projectDirPath = "";
			projectRoot = "";
			targets = (
				DFAB2BCF2FEEB3E3006E4AC0 /* OfflineSyncKitDemo */,
				DFAB2BDE2FEEB3E6006E4AC0 /* OfflineSyncKitDemoTests */,
				DFAB2BE82FEEB3E6006E4AC0 /* OfflineSyncKitDemoUITests */,
			);
		};
/* End PBXProject section */

/* Begin PBXResourcesBuildPhase section */
		DFAB2BCE2FEEB3E3006E4AC0 /* Resources */ = {
			isa = PBXResourcesBuildPhase;
			buildActionMask = 2147483647;
			files = (
			);
			runOnlyForDeploymentPostprocessing = 0;
		};
		DFAB2BDD2FEEB3E6006E4AC0 /* Resources */ = {
			isa = PBXResourcesBuildPhase;
			buildActionMask = 2147483647;
			files = (
			);
			runOnlyForDeploymentPostprocessing = 0;
		};
		DFAB2BE72FEEB3E6006E4AC0 /* Resources */ = {
			isa = PBXResourcesBuildPhase;
			buildActionMask = 2147483647;
			files = (
			);
			runOnlyForDeploymentPostprocessing = 0;
		};
/* End PBXResourcesBuildPhase section */

/* Begin PBXSourcesBuildPhase section */
		DFAB2BCC2FEEB3E3006E4AC0 /* Sources */ = {
			isa = PBXSourcesBuildPhase;
			buildActionMask = 2147483647;
			files = (
			);
			runOnlyForDeploymentPostprocessing = 0;
		};
		DFAB2BDB2FEEB3E6006E4AC0 /* Sources */ = {
			isa = PBXSourcesBuildPhase;
			buildActionMask = 2147483647;
			files = (
			);
			runOnlyForDeploymentPostprocessing = 0;
		};
		DFAB2BE52FEEB3E6006E4AC0 /* Sources */ = {
			isa = PBXSourcesBuildPhase;
			buildActionMask = 2147483647;
			files = (
			);
			runOnlyForDeploymentPostprocessing = 0;
		};
/* End PBXSourcesBuildPhase section */

/* Begin PBXTargetDependency section */
		DFAB2BE12FEEB3E6006E4AC0 /* PBXTargetDependency */ = {
			isa = PBXTargetDependency;
			target = DFAB2BCF2FEEB3E3006E4AC0 /* OfflineSyncKitDemo */;
			targetProxy = DFAB2BE02FEEB3E6006E4AC0 /* PBXContainerItemProxy */;
		};
		DFAB2BEB2FEEB3E6006E4AC0 /* PBXTargetDependency */ = {
			isa = PBXTargetDependency;
			target = DFAB2BCF2FEEB3E3006E4AC0 /* OfflineSyncKitDemo */;
			targetProxy = DFAB2BEA2FEEB3E6006E4AC0 /* PBXContainerItemProxy */;
		};
/* End PBXTargetDependency section */

/* Begin XCBuildConfiguration section */
		DFAB2BF12FEEB3E6006E4AC0 /* Debug */ = {
			isa = XCBuildConfiguration;
			buildSettings = {
				ALWAYS_SEARCH_USER_PATHS = NO;
				ASSETCATALOG_COMPILER_GENERATE_SWIFT_ASSET_SYMBOL_EXTENSIONS = YES;
				CLANG_ANALYZER_NONNULL = YES;
				CLANG_ANALYZER_NUMBER_OBJECT_CONVERSION = YES_AGGRESSIVE;
				CLANG_CXX_LANGUAGE_STANDARD = "gnu++20";
				CLANG_ENABLE_MODULES = YES;
				CLANG_ENABLE_OBJC_ARC = YES;
				CLANG_ENABLE_OBJC_WEAK = YES;
				CLANG_WARN_BLOCK_CAPTURE_AUTORELEASING = YES;
				CLANG_WARN_BOOL_CONVERSION = YES;
				CLANG_WARN_COMMA = YES;
				CLANG_WARN_CONSTANT_CONVERSION = YES;
				CLANG_WARN_DEPRECATED_OBJC_IMPLEMENTATIONS = YES;
				CLANG_WARN_DIRECT_OBJC_ISA_USAGE = YES_ERROR;
				CLANG_WARN_DOCUMENTATION_COMMENTS = YES;
				CLANG_WARN_EMPTY_BODY = YES;
				CLANG_WARN_ENUM_CONVERSION = YES;
				CLANG_WARN_INFINITE_RECURSION = YES;
				CLANG_WARN_INT_CONVERSION = YES;
				CLANG_WARN_NON_LITERAL_NULL_CONVERSION = YES;
				CLANG_WARN_OBJC_IMPLICIT_RETAIN_SELF = YES;
				CLANG_WARN_OBJC_LITERAL_CONVERSION = YES;
				CLANG_WARN_OBJC_ROOT_CLASS = YES_ERROR;
				CLANG_WARN_QUOTED_INCLUDE_IN_FRAMEWORK_HEADER = YES;
				CLANG_WARN_RANGE_LOOP_ANALYSIS = YES;
				CLANG_WARN_STRICT_PROTOTYPES = YES;
				CLANG_WARN_SUSPICIOUS_MOVE = YES;
				CLANG_WARN_UNGUARDED_AVAILABILITY = YES_AGGRESSIVE;
				CLANG_WARN_UNREACHABLE_CODE = YES;
				CLANG_WARN__DUPLICATE_METHOD_MATCH = YES;
				COPY_PHASE_STRIP = NO;
				DEBUG_INFORMATION_FORMAT = dwarf;
				DEVELOPMENT_TEAM = 39XHM26DBQ;
				ENABLE_STRICT_OBJC_MSGSEND = YES;
				ENABLE_TESTABILITY = YES;
				ENABLE_USER_SCRIPT_SANDBOXING = YES;
				GCC_C_LANGUAGE_STANDARD = gnu17;
				GCC_DYNAMIC_NO_PIC = NO;
				GCC_NO_COMMON_BLOCKS = YES;
				GCC_OPTIMIZATION_LEVEL = 0;
				GCC_PREPROCESSOR_DEFINITIONS = (
					"DEBUG=1",
					"$(inherited)",
				);
				GCC_WARN_64_TO_32_BIT_CONVERSION = YES;
				GCC_WARN_ABOUT_RETURN_TYPE = YES_ERROR;
				GCC_WARN_UNDECLARED_SELECTOR = YES;
				GCC_WARN_UNINITIALIZED_AUTOS = YES_AGGRESSIVE;
				GCC_WARN_UNUSED_FUNCTION = YES;
				GCC_WARN_UNUSED_VARIABLE = YES;
				IPHONEOS_DEPLOYMENT_TARGET = 26.4;
				LOCALIZATION_PREFERS_STRING_CATALOGS = YES;
				MTL_ENABLE_DEBUG_INFO = INCLUDE_SOURCE;
				MTL_FAST_MATH = YES;
				ONLY_ACTIVE_ARCH = YES;
				SDKROOT = iphoneos;
				SWIFT_ACTIVE_COMPILATION_CONDITIONS = "DEBUG $(inherited)";
				SWIFT_OPTIMIZATION_LEVEL = "-Onone";
			};
			name = Debug;
		};
		DFAB2BF22FEEB3E6006E4AC0 /* Release */ = {
			isa = XCBuildConfiguration;
			buildSettings = {
				ALWAYS_SEARCH_USER_PATHS = NO;
				ASSETCATALOG_COMPILER_GENERATE_SWIFT_ASSET_SYMBOL_EXTENSIONS = YES;
				CLANG_ANALYZER_NONNULL = YES;
				CLANG_ANALYZER_NUMBER_OBJECT_CONVERSION = YES_AGGRESSIVE;
				CLANG_CXX_LANGUAGE_STANDARD = "gnu++20";
				CLANG_ENABLE_MODULES = YES;
				CLANG_ENABLE_OBJC_ARC = YES;
				CLANG_ENABLE_OBJC_WEAK = YES;
				CLANG_WARN_BLOCK_CAPTURE_AUTORELEASING = YES;
				CLANG_WARN_BOOL_CONVERSION = YES;
				CLANG_WARN_COMMA = YES;
				CLANG_WARN_CONSTANT_CONVERSION = YES;
				CLANG_WARN_DEPRECATED_OBJC_IMPLEMENTATIONS = YES;
				CLANG_WARN_DIRECT_OBJC_ISA_USAGE = YES_ERROR;
				CLANG_WARN_DOCUMENTATION_COMMENTS = YES;
				CLANG_WARN_EMPTY_BODY = YES;
				CLANG_WARN_ENUM_CONVERSION = YES;
				CLANG_WARN_INFINITE_RECURSION = YES;
				CLANG_WARN_INT_CONVERSION = YES;
				CLANG_WARN_NON_LITERAL_NULL_CONVERSION = YES;
				CLANG_WARN_OBJC_IMPLICIT_RETAIN_SELF = YES;
				CLANG_WARN_OBJC_LITERAL_CONVERSION = YES;
				CLANG_WARN_OBJC_ROOT_CLASS = YES_ERROR;
				CLANG_WARN_QUOTED_INCLUDE_IN_FRAMEWORK_HEADER = YES;
				CLANG_WARN_RANGE_LOOP_ANALYSIS = YES;
				CLANG_WARN_STRICT_PROTOTYPES = YES;
				CLANG_WARN_SUSPICIOUS_MOVE = YES;
				CLANG_WARN_UNGUARDED_AVAILABILITY = YES_AGGRESSIVE;
				CLANG_WARN_UNREACHABLE_CODE = YES;
				CLANG_WARN__DUPLICATE_METHOD_MATCH = YES;
				COPY_PHASE_STRIP = NO;
				DEBUG_INFORMATION_FORMAT = "dwarf-with-dsym";
				DEVELOPMENT_TEAM = 39XHM26DBQ;
				ENABLE_NS_ASSERTIONS = NO;
				ENABLE_STRICT_OBJC_MSGSEND = YES;
				ENABLE_USER_SCRIPT_SANDBOXING = YES;
				GCC_C_LANGUAGE_STANDARD = gnu17;
				GCC_NO_COMMON_BLOCKS = YES;
				GCC_WARN_64_TO_32_BIT_CONVERSION = YES;
				GCC_WARN_ABOUT_RETURN_TYPE = YES_ERROR;
				GCC_WARN_UNDECLARED_SELECTOR = YES;
				GCC_WARN_UNINITIALIZED_AUTOS = YES_AGGRESSIVE;
				GCC_WARN_UNUSED_FUNCTION = YES;
				GCC_WARN_UNUSED_VARIABLE = YES;
				IPHONEOS_DEPLOYMENT_TARGET = 26.4;
				LOCALIZATION_PREFERS_STRING_CATALOGS = YES;
				MTL_ENABLE_DEBUG_INFO = NO;
				MTL_FAST_MATH = YES;
				SDKROOT = iphoneos;
				SWIFT_COMPILATION_MODE = wholemodule;
				VALIDATE_PRODUCT = YES;
			};
			name = Release;
		};
		DFAB2BF42FEEB3E6006E4AC0 /* Debug */ = {
			isa = XCBuildConfiguration;
			buildSettings = {
				ASSETCATALOG_COMPILER_APPICON_NAME = AppIcon;
				ASSETCATALOG_COMPILER_GLOBAL_ACCENT_COLOR_NAME = AccentColor;
				CODE_SIGN_STYLE = Automatic;
				CURRENT_PROJECT_VERSION = 1;
				DEVELOPMENT_TEAM = 39XHM26DBQ;
				ENABLE_PREVIEWS = YES;
				GENERATE_INFOPLIST_FILE = YES;
				INFOPLIST_KEY_UIApplicationSceneManifest_Generation = YES;
				INFOPLIST_KEY_UIApplicationSupportsIndirectInputEvents = YES;
				INFOPLIST_KEY_UILaunchScreen_Generation = YES;
				INFOPLIST_KEY_UISupportedInterfaceOrientations_iPad = "UIInterfaceOrientationPortrait UIInterfaceOrientationPortraitUpsideDown UIInterfaceOrientationLandscapeLeft UIInterfaceOrientationLandscapeRight";
				INFOPLIST_KEY_UISupportedInterfaceOrientations_iPhone = "UIInterfaceOrientationPortrait UIInterfaceOrientationLandscapeLeft UIInterfaceOrientationLandscapeRight";
				LD_RUNPATH_SEARCH_PATHS = (
					"$(inherited)",
					"@executable_path/Frameworks",
				);
				MARKETING_VERSION = 1.0;
				PRODUCT_BUNDLE_IDENTIFIER = com.sushanttiwari.OfflineSyncKitDemo;
				PRODUCT_NAME = "$(TARGET_NAME)";
				STRING_CATALOG_GENERATE_SYMBOLS = YES;
				SWIFT_APPROACHABLE_CONCURRENCY = YES;
				SWIFT_DEFAULT_ACTOR_ISOLATION = MainActor;
				SWIFT_EMIT_LOC_STRINGS = YES;
				SWIFT_UPCOMING_FEATURE_MEMBER_IMPORT_VISIBILITY = YES;
				SWIFT_VERSION = 5.0;
				TARGETED_DEVICE_FAMILY = "1,2";
			};
			name = Debug;
		};
		DFAB2BF52FEEB3E6006E4AC0 /* Release */ = {
			isa = XCBuildConfiguration;
			buildSettings = {
				ASSETCATALOG_COMPILER_APPICON_NAME = AppIcon;
				ASSETCATALOG_COMPILER_GLOBAL_ACCENT_COLOR_NAME = AccentColor;
				CODE_SIGN_STYLE = Automatic;
				CURRENT_PROJECT_VERSION = 1;
				DEVELOPMENT_TEAM = 39XHM26DBQ;
				ENABLE_PREVIEWS = YES;
				GENERATE_INFOPLIST_FILE = YES;
				INFOPLIST_KEY_UIApplicationSceneManifest_Generation = YES;
				INFOPLIST_KEY_UIApplicationSupportsIndirectInputEvents = YES;
				INFOPLIST_KEY_UILaunchScreen_Generation = YES;
				INFOPLIST_KEY_UISupportedInterfaceOrientations_iPad = "UIInterfaceOrientationPortrait UIInterfaceOrientationPortraitUpsideDown UIInterfaceOrientationLandscapeLeft UIInterfaceOrientationLandscapeRight";
				INFOPLIST_KEY_UISupportedInterfaceOrientations_iPhone = "UIInterfaceOrientationPortrait UIInterfaceOrientationLandscapeLeft UIInterfaceOrientationLandscapeRight";
				LD_RUNPATH_SEARCH_PATHS = (
					"$(inherited)",
					"@executable_path/Frameworks",
				);
				MARKETING_VERSION = 1.0;
				PRODUCT_BUNDLE_IDENTIFIER = com.sushanttiwari.OfflineSyncKitDemo;
				PRODUCT_NAME = "$(TARGET_NAME)";
				STRING_CATALOG_GENERATE_SYMBOLS = YES;
				SWIFT_APPROACHABLE_CONCURRENCY = YES;
				SWIFT_DEFAULT_ACTOR_ISOLATION = MainActor;
				SWIFT_EMIT_LOC_STRINGS = YES;
				SWIFT_UPCOMING_FEATURE_MEMBER_IMPORT_VISIBILITY = YES;
				SWIFT_VERSION = 5.0;
				TARGETED_DEVICE_FAMILY = "1,2";
			};
			name = Release;
		};
		DFAB2BF72FEEB3E6006E4AC0 /* Debug */ = {
			isa = XCBuildConfiguration;
			buildSettings = {
				BUNDLE_LOADER = "$(TEST_HOST)";
				CODE_SIGN_STYLE = Automatic;
				CURRENT_PROJECT_VERSION = 1;
				DEVELOPMENT_TEAM = 39XHM26DBQ;
				GENERATE_INFOPLIST_FILE = YES;
				IPHONEOS_DEPLOYMENT_TARGET = 26.4;
				MARKETING_VERSION = 1.0;
				PRODUCT_BUNDLE_IDENTIFIER = com.sushanttiwari.OfflineSyncKitDemoTests;
				PRODUCT_NAME = "$(TARGET_NAME)";
				STRING_CATALOG_GENERATE_SYMBOLS = NO;
				SWIFT_APPROACHABLE_CONCURRENCY = YES;
				SWIFT_EMIT_LOC_STRINGS = NO;
				SWIFT_UPCOMING_FEATURE_MEMBER_IMPORT_VISIBILITY = YES;
				SWIFT_VERSION = 5.0;
				TARGETED_DEVICE_FAMILY = "1,2";
				TEST_HOST = "$(BUILT_PRODUCTS_DIR)/OfflineSyncKitDemo.app/$(BUNDLE_EXECUTABLE_FOLDER_PATH)/OfflineSyncKitDemo";
			};
			name = Debug;
		};
		DFAB2BF82FEEB3E6006E4AC0 /* Release */ = {
			isa = XCBuildConfiguration;
			buildSettings = {
				BUNDLE_LOADER = "$(TEST_HOST)";
				CODE_SIGN_STYLE = Automatic;
				CURRENT_PROJECT_VERSION = 1;
				DEVELOPMENT_TEAM = 39XHM26DBQ;
				GENERATE_INFOPLIST_FILE = YES;
				IPHONEOS_DEPLOYMENT_TARGET = 26.4;
				MARKETING_VERSION = 1.0;
				PRODUCT_BUNDLE_IDENTIFIER = com.sushanttiwari.OfflineSyncKitDemoTests;
				PRODUCT_NAME = "$(TARGET_NAME)";
				STRING_CATALOG_GENERATE_SYMBOLS = NO;
				SWIFT_APPROACHABLE_CONCURRENCY = YES;
				SWIFT_EMIT_LOC_STRINGS = NO;
				SWIFT_UPCOMING_FEATURE_MEMBER_IMPORT_VISIBILITY = YES;
				SWIFT_VERSION = 5.0;
				TARGETED_DEVICE_FAMILY = "1,2";
				TEST_HOST = "$(BUILT_PRODUCTS_DIR)/OfflineSyncKitDemo.app/$(BUNDLE_EXECUTABLE_FOLDER_PATH)/OfflineSyncKitDemo";
			};
			name = Release;
		};
		DFAB2BFA2FEEB3E6006E4AC0 /* Debug */ = {
			isa = XCBuildConfiguration;
			buildSettings = {
				CODE_SIGN_STYLE = Automatic;
				CURRENT_PROJECT_VERSION = 1;
				DEVELOPMENT_TEAM = 39XHM26DBQ;
				GENERATE_INFOPLIST_FILE = YES;
				MARKETING_VERSION = 1.0;
				PRODUCT_BUNDLE_IDENTIFIER = com.sushanttiwari.OfflineSyncKitDemoUITests;
				PRODUCT_NAME = "$(TARGET_NAME)";
				STRING_CATALOG_GENERATE_SYMBOLS = NO;
				SWIFT_APPROACHABLE_CONCURRENCY = YES;
				SWIFT_EMIT_LOC_STRINGS = NO;
				SWIFT_UPCOMING_FEATURE_MEMBER_IMPORT_VISIBILITY = YES;
				SWIFT_VERSION = 5.0;
				TARGETED_DEVICE_FAMILY = "1,2";
				TEST_TARGET_NAME = OfflineSyncKitDemo;
			};
			name = Debug;
		};
		DFAB2BFB2FEEB3E6006E4AC0 /* Release */ = {
			isa = XCBuildConfiguration;
			buildSettings = {
				CODE_SIGN_STYLE = Automatic;
				CURRENT_PROJECT_VERSION = 1;
				DEVELOPMENT_TEAM = 39XHM26DBQ;
				GENERATE_INFOPLIST_FILE = YES;
				MARKETING_VERSION = 1.0;
				PRODUCT_BUNDLE_IDENTIFIER = com.sushanttiwari.OfflineSyncKitDemoUITests;
				PRODUCT_NAME = "$(TARGET_NAME)";
				STRING_CATALOG_GENERATE_SYMBOLS = NO;
				SWIFT_APPROACHABLE_CONCURRENCY = YES;
				SWIFT_EMIT_LOC_STRINGS = NO;
				SWIFT_UPCOMING_FEATURE_MEMBER_IMPORT_VISIBILITY = YES;
				SWIFT_VERSION = 5.0;
				TARGETED_DEVICE_FAMILY = "1,2";
				TEST_TARGET_NAME = OfflineSyncKitDemo;
			};
			name = Release;
		};
/* End XCBuildConfiguration section */

/* Begin XCConfigurationList section */
		DFAB2BCB2FEEB3E3006E4AC0 /* Build configuration list for PBXProject "OfflineSyncKitDemo" */ = {
			isa = XCConfigurationList;
			buildConfigurations = (
				DFAB2BF12FEEB3E6006E4AC0 /* Debug */,
				DFAB2BF22FEEB3E6006E4AC0 /* Release */,
			);
			defaultConfigurationIsVisible = 0;
			defaultConfigurationName = Release;
		};
		DFAB2BF32FEEB3E6006E4AC0 /* Build configuration list for PBXNativeTarget "OfflineSyncKitDemo" */ = {
			isa = XCConfigurationList;
			buildConfigurations = (
				DFAB2BF42FEEB3E6006E4AC0 /* Debug */,
				DFAB2BF52FEEB3E6006E4AC0 /* Release */,
			);
			defaultConfigurationIsVisible = 0;
			defaultConfigurationName = Release;
		};
		DFAB2BF62FEEB3E6006E4AC0 /* Build configuration list for PBXNativeTarget "OfflineSyncKitDemoTests" */ = {
			isa = XCConfigurationList;
			buildConfigurations = (
				DFAB2BF72FEEB3E6006E4AC0 /* Debug */,
				DFAB2BF82FEEB3E6006E4AC0 /* Release */,
			);
			defaultConfigurationIsVisible = 0;
			defaultConfigurationName = Release;
		};
		DFAB2BF92FEEB3E6006E4AC0 /* Build configuration list for PBXNativeTarget "OfflineSyncKitDemoUITests" */ = {
			isa = XCConfigurationList;
			buildConfigurations = (
				DFAB2BFA2FEEB3E6006E4AC0 /* Debug */,
				DFAB2BFB2FEEB3E6006E4AC0 /* Release */,
			);
			defaultConfigurationIsVisible = 0;
			defaultConfigurationName = Release;
		};
/* End XCConfigurationList section */

/* Begin XCLocalSwiftPackageReference section */
		DFAB2C022FEFBA1F006E4AC0 /* XCLocalSwiftPackageReference "../OfflineSyncKit" */ = {
			isa = XCLocalSwiftPackageReference;
			relativePath = ../OfflineSyncKit;
		};
/* End XCLocalSwiftPackageReference section */

/* Begin XCSwiftPackageProductDependency section */
		DFAB2C032FEFBA1F006E4AC0 /* OfflineSyncKit */ = {
			isa = XCSwiftPackageProductDependency;
			productName = OfflineSyncKit;
		};
/* End XCSwiftPackageProductDependency section */
	};
	rootObject = DFAB2BC82FEEB3E3006E4AC0 /* Project object */;
}
